# Generated by pub
# See https://dart.dev/tools/pub/glossary#lockfile
packages:
  adwaita:
    dependency: "direct main"
    description:
      name: adwaita
      sha256: "91be996e0e3a88c5cc42251af5559707a712f847995240a27fdf71e1dc44630e"
      url: "https://pub.dev"
    source: hosted
    version: "1.1.0"
  archive:
    dependency: transitive
    description:
      name: archive
      sha256: "22600aa1e926be775fa5fe7e6894e7fb3df9efda8891c73f70fb3262399a432d"
      url: "https://pub.dev"
    source: hosted
    version: "3.4.10"
  args:
    dependency: transitive
    description:
      name: args
      sha256: eef6c46b622e0494a36c5a12d10d77fb4e855501a91c1b9ef9339326e58f0596
      url: "https://pub.dev"
    source: hosted
    version: "2.4.2"
  async:
    dependency: transitive
    description:
      name: async
      sha256: "947bfcf187f74dbc5e146c9eb9c0f10c9f8b30743e341481c1e2ed3ecc18c20c"
      url: "https://pub.dev"
    source: hosted
    version: "2.11.0"
  bonsoir:
    dependency: "direct main"
    description:
      name: bonsoir
      sha256: "9703ca3ce201c7ab6cd278ae5a530a125959687f59c2b97822f88a8db5bef106"
      url: "https://pub.dev"
    source: hosted
    version: "5.1.9"
  bonsoir_android:
    dependency: transitive
    description:
      name: bonsoir_android
      sha256: "19583ae34a5e5743fa2c16619e4ec699b35ae5e6cece59b99b1cf21c1b4ed618"
      url: "https://pub.dev"
    source: hosted
    version: "5.1.4"
  bonsoir_darwin:
    dependency: transitive
    description:
      name: bonsoir_darwin
      sha256: "985c4c38b4cbfa57ed5870e724a7e17aa080ee7f49d03b43e6d08781511505c6"
      url: "https://pub.dev"
    source: hosted
    version: "5.1.2"
  bonsoir_linux:
    dependency: transitive
    description:
      name: bonsoir_linux
      sha256: "65554b20bc169c68c311eb31fab46ccdd8ee3d3dd89a2d57c338f4cbf6ceb00d"
      url: "https://pub.dev"
    source: hosted
    version: "5.1.2"
  bonsoir_platform_interface:
    dependency: transitive
    description:
      name: bonsoir_platform_interface
      sha256: "4ee898bec0b5a63f04f82b06da9896ae8475f32a33b6fa395bea56399daeb9f0"
      url: "https://pub.dev"
    source: hosted
    version: "5.1.2"
  bonsoir_windows:
    dependency: transitive
    description:
      name: bonsoir_windows
      sha256: abbc90b73ac39e823b0c127da43b91d8906dcc530fc0cec4e169cf0d8c4404b1
      url: "https://pub.dev"
    source: hosted
    version: "5.1.4"
  boolean_selector:
    dependency: transitive
    description:
      name: boolean_selector
      sha256: "6cfb5af12253eaf2b368f07bacc5a80d1301a071c73360d746b7f2e32d762c66"
      url: "https://pub.dev"
    source: hosted
    version: "2.1.1"
  characters:
    dependency: transitive
    description:
      name: characters
      sha256: "04a925763edad70e8443c99234dc3328f442e811f1d8fd1a72f1c8ad0f69a605"
      url: "https://pub.dev"
    source: hosted
    version: "1.3.0"
  checked_yaml:
    dependency: transitive
    description:
      name: checked_yaml
      sha256: feb6bed21949061731a7a75fc5d2aa727cf160b91af9a3e464c5e3a32e28b5ff
      url: "https://pub.dev"
    source: hosted
    version: "2.0.3"
  cli_util:
    dependency: transitive
    description:
      name: cli_util
      sha256: c05b7406fdabc7a49a3929d4af76bcaccbbffcbcdcf185b082e1ae07da323d19
      url: "https://pub.dev"
    source: hosted
    version: "0.4.1"
  clock:
    dependency: transitive
    description:
      name: clock
      sha256: cb6d7f03e1de671e34607e909a7213e31d7752be4fb66a86d29fe1eb14bfb5cf
      url: "https://pub.dev"
    source: hosted
    version: "1.1.1"
  collection:
    dependency: transitive
    description:
      name: collection
      sha256: ee67cb0715911d28db6bf4af1026078bd6f0128b07a5f66fb2ed94ec6783c09a
      url: "https://pub.dev"
    source: hosted
    version: "1.18.0"
  convert:
    dependency: transitive
    description:
      name: convert
      sha256: "0f08b14755d163f6e2134cb58222dd25ea2a2ee8a195e53983d57c075324d592"
      url: "https://pub.dev"
    source: hosted
    version: "3.1.1"
  crypto:
    dependency: transitive
    description:
      name: crypto
      sha256: ff625774173754681d66daaf4a448684fb04b78f902da9cb3d308c19cc5e8bab
      url: "https://pub.dev"
    source: hosted
    version: "3.0.3"
  cryptography:
    dependency: "direct main"
    description:
      name: cryptography
      sha256: d146b76d33d94548cf035233fbc2f4338c1242fa119013bead807d033fc4ae05
      url: "https://pub.dev"
    source: hosted
    version: "2.7.0"
  cupertino_icons:
    dependency: "direct main"
    description:
      name: cupertino_icons
      sha256: ba631d1c7f7bef6b729a622b7b752645a2d076dba9976925b8f25725a30e1ee6
      url: "https://pub.dev"
    source: hosted
    version: "1.0.8"
  dbus:
    dependency: transitive
    description:
      name: dbus
      sha256: "365c771ac3b0e58845f39ec6deebc76e3276aa9922b0cc60840712094d9047ac"
      url: "https://pub.dev"
    source: hosted
    version: "0.7.10"
  device_info_plus:
    dependency: "direct main"
    description:
      name: device_info_plus
      sha256: eead12d1a1ed83d8283ab4c2f3fca23ac4082f29f25f29dff0f758f57d06ec91
      url: "https://pub.dev"
    source: hosted
    version: "10.1.0"
  device_info_plus_platform_interface:
    dependency: transitive
    description:
      name: device_info_plus_platform_interface
      sha256: d3b01d5868b50ae571cd1dc6e502fc94d956b665756180f7b16ead09e836fd64
      url: "https://pub.dev"
    source: hosted
    version: "7.0.0"
  fake_async:
    dependency: transitive
    description:
      name: fake_async
      sha256: "511392330127add0b769b75a987850d136345d9227c6b94c96a04cf4a391bf78"
      url: "https://pub.dev"
    source: hosted
    version: "1.3.1"
  ffi:
    dependency: transitive
    description:
      name: ffi
      sha256: "493f37e7df1804778ff3a53bd691d8692ddf69702cf4c1c1096a2e41b4779e21"
      url: "https://pub.dev"
    source: hosted
    version: "2.1.2"
  file:
    dependency: transitive
    description:
      name: file
      sha256: "5fc22d7c25582e38ad9a8515372cd9a93834027aacf1801cf01164dac0ffa08c"
      url: "https://pub.dev"
    source: hosted
    version: "7.0.0"
  fixnum:
    dependency: "direct main"
    description:
      name: fixnum
      sha256: "25517a4deb0c03aa0f32fd12db525856438902d9c16536311e76cdc57b31d7d1"
      url: "https://pub.dev"
    source: hosted
    version: "1.1.0"
  flutter:
    dependency: "direct main"
    description: flutter
    source: sdk
    version: "0.0.0"
  flutter_animate:
    dependency: "direct main"
    description:
      name: flutter_animate
      sha256: "62f346340a96192070e31e3f2a1bd30a28530f1fe8be978821e06cd56b74d6d2"
      url: "https://pub.dev"
    source: hosted
    version: "4.2.0+1"
  flutter_launcher_icons:
    dependency: "direct dev"
    description:
      name: flutter_launcher_icons
      sha256: "526faf84284b86a4cb36d20a5e45147747b7563d921373d4ee0559c54fcdbcea"
      url: "https://pub.dev"
    source: hosted
    version: "0.13.1"
  flutter_lints:
    dependency: "direct dev"
    description:
      name: flutter_lints
      sha256: e2a421b7e59244faef694ba7b30562e489c2b489866e505074eb005cd7060db7
      url: "https://pub.dev"
    source: hosted
    version: "3.0.1"
  flutter_local_notifications:
    dependency: "direct main"
    description:
      name: flutter_local_notifications
      sha256: a701df4866f9a38bb8e4450a54c143bbeeb0ce2381e7df5a36e1006f3b43bb28
      url: "https://pub.dev"
    source: hosted
    version: "17.0.1"
  flutter_local_notifications_linux:
    dependency: transitive
    description:
      name: flutter_local_notifications_linux
      sha256: "33f741ef47b5f63cc7f78fe75eeeac7e19f171ff3c3df054d84c1e38bedb6a03"
      url: "https://pub.dev"
    source: hosted
    version: "4.0.0+1"
  flutter_local_notifications_platform_interface:
    dependency: transitive
    description:
      name: flutter_local_notifications_platform_interface
      sha256: "7cf643d6d5022f3baed0be777b0662cce5919c0a7b86e700299f22dc4ae660ef"
      url: "https://pub.dev"
    source: hosted
    version: "7.0.0+1"
  flutter_test:
    dependency: "direct dev"
    description: flutter
    source: sdk
    version: "0.0.0"
  flutter_web_plugins:
    dependency: transitive
    description: flutter
    source: sdk
    version: "0.0.0"
  image:
    dependency: transitive
    description:
      name: image
      sha256: "4c68bfd5ae83e700b5204c1e74451e7bf3cf750e6843c6e158289cf56bda018e"
      url: "https://pub.dev"
    source: hosted
    version: "4.1.7"
  js:
    dependency: transitive
    description:
      name: js
      sha256: f2c445dce49627136094980615a031419f7f3eb393237e4ecd97ac15dea343f3
      url: "https://pub.dev"
    source: hosted
    version: "0.6.7"
  json_annotation:
    dependency: transitive
    description:
      name: json_annotation
      sha256: b10a7b2ff83d83c777edba3c6a0f97045ddadd56c944e1a23a3fdf43a1bf4467
      url: "https://pub.dev"
    source: hosted
    version: "4.8.1"
  leak_tracker:
    dependency: transitive
    description:
      name: leak_tracker
      sha256: "78eb209deea09858f5269f5a5b02be4049535f568c07b275096836f01ea323fa"
      url: "https://pub.dev"
    source: hosted
    version: "10.0.0"
  leak_tracker_flutter_testing:
    dependency: transitive
    description:
      name: leak_tracker_flutter_testing
      sha256: b46c5e37c19120a8a01918cfaf293547f47269f7cb4b0058f21531c2465d6ef0
      url: "https://pub.dev"
    source: hosted
    version: "2.0.1"
  leak_tracker_testing:
    dependency: transitive
    description:
      name: leak_tracker_testing
      sha256: a597f72a664dbd293f3bfc51f9ba69816f84dcd403cdac7066cb3f6003f3ab47
      url: "https://pub.dev"
    source: hosted
    version: "2.0.1"
  lints:
    dependency: transitive
    description:
      name: lints
      sha256: cbf8d4b858bb0134ef3ef87841abdf8d63bfc255c266b7bf6b39daa1085c4290
      url: "https://pub.dev"
    source: hosted
    version: "3.0.0"
  matcher:
    dependency: transitive
    description:
      name: matcher
      sha256: d2323aa2060500f906aa31a895b4030b6da3ebdcc5619d14ce1aada65cd161cb
      url: "https://pub.dev"
    source: hosted
    version: "0.12.16+1"
  material_color_utilities:
    dependency: transitive
    description:
      name: material_color_utilities
      sha256: "0e0a020085b65b6083975e499759762399b4475f766c21668c4ecca34ea74e5a"
      url: "https://pub.dev"
    source: hosted
    version: "0.8.0"
  meta:
    dependency: transitive
    description:
      name: meta
      sha256: d584fa6707a52763a52446f02cc621b077888fb63b93bbcb1143a7be5a0c0c04
      url: "https://pub.dev"
    source: hosted
    version: "1.11.0"
  multicast_dns:
    dependency: "direct main"
    description:
      name: multicast_dns
      sha256: "316cc47a958d4bd3c67bd238fe8b44fdfb6133bad89cb191c0c3bd3edb14e296"
      url: "https://pub.dev"
    source: hosted
    version: "0.3.2+6"
  nested:
    dependency: transitive
    description:
      name: nested
      sha256: "03bac4c528c64c95c722ec99280375a6f2fc708eec17c7b3f07253b626cd2a20"
      url: "https://pub.dev"
    source: hosted
    version: "1.0.0"
  nsd:
    dependency: "direct main"
    description:
      name: nsd
      sha256: b20c4e7b11b40085163c2736c27e3d450c3970512ddab7ea5f144586fb0105d3
      url: "https://pub.dev"
    source: hosted
    version: "3.0.0"
  nsd_android:
    dependency: transitive
    description:
      name: nsd_android
      sha256: "9e2c1d31a36c9b7f5bad6329f3d9e07c7f09e7a7394aa2f54db701516ac149eb"
      url: "https://pub.dev"
    source: hosted
    version: "2.0.0"
  nsd_ios:
    dependency: transitive
    description:
      name: nsd_ios
      sha256: "43b53bdcf0cedf7c481125e6a7e4a88c745de2e48a205404be3b4e91d77798b5"
      url: "https://pub.dev"
    source: hosted
    version: "2.0.0"
  nsd_macos:
    dependency: transitive
    description:
      name: nsd_macos
      sha256: db1a07f4baf358b9d72ff9eb308c83419c60a57ef8c6d1e0369075825b835b43
      url: "https://pub.dev"
    source: hosted
    version: "2.0.0"
  nsd_platform_interface:
    dependency: transitive
    description:
      name: nsd_platform_interface
      sha256: "726bba1b93e18a37252623fd6490bafe6f3d7c225bff50421b7eeb7c47704d4b"
      url: "https://pub.dev"
    source: hosted
    version: "2.0.0"
  nsd_windows:
    dependency: transitive
    description:
      name: nsd_windows
      sha256: "78910ac981ae0ab975cf4c30895512576220aed3dd57c3378a05eebe8e13ff88"
      url: "https://pub.dev"
    source: hosted
    version: "3.0.0"
  path:
    dependency: transitive
    description:
      name: path
      sha256: "087ce49c3f0dc39180befefc60fdb4acd8f8620e5682fe2476afd0b3688bb4af"
      url: "https://pub.dev"
    source: hosted
    version: "1.9.0"
  path_provider_linux:
    dependency: transitive
    description:
      name: path_provider_linux
      sha256: f7a1fe3a634fe7734c8d3f2766ad746ae2a2884abe22e241a8b301bf5cac3279
      url: "https://pub.dev"
    source: hosted
    version: "2.2.1"
  path_provider_platform_interface:
    dependency: transitive
    description:
      name: path_provider_platform_interface
      sha256: "88f5779f72ba699763fa3a3b06aa4bf6de76c8e5de842cf6f29e2e06476c2334"
      url: "https://pub.dev"
    source: hosted
    version: "2.1.2"
  path_provider_windows:
    dependency: transitive
    description:
      name: path_provider_windows
      sha256: "8bc9f22eee8690981c22aa7fc602f5c85b497a6fb2ceb35ee5a5e5ed85ad8170"
      url: "https://pub.dev"
    source: hosted
    version: "2.2.1"
  petitparser:
    dependency: transitive
    description:
      name: petitparser
      sha256: c15605cd28af66339f8eb6fbe0e541bfe2d1b72d5825efc6598f3e0a31b9ad27
      url: "https://pub.dev"
    source: hosted
    version: "6.0.2"
  platform:
    dependency: transitive
    description:
      name: platform
      sha256: "12220bb4b65720483f8fa9450b4332347737cf8213dd2840d8b2c823e47243ec"
      url: "https://pub.dev"
    source: hosted
    version: "3.1.4"
  plugin_platform_interface:
    dependency: transitive
    description:
      name: plugin_platform_interface
      sha256: "4820fbfdb9478b1ebae27888254d445073732dae3d6ea81f0b7e06d5dedc3f02"
      url: "https://pub.dev"
    source: hosted
    version: "2.1.8"
  pointycastle:
    dependency: "direct main"
    description:
      name: pointycastle
      sha256: "70fe966348fe08c34bf929582f1d8247d9d9408130723206472b4687227e4333"
      url: "https://pub.dev"
    source: hosted
    version: "3.8.0"
  protobuf:
    dependency: "direct main"
    description:
      name: protobuf
      sha256: "68645b24e0716782e58948f8467fd42a880f255096a821f9e7d0ec625b00c84d"
      url: "https://pub.dev"
    source: hosted
    version: "3.1.0"
  provider:
    dependency: "direct main"
    description:
      name: provider
      sha256: c8a055ee5ce3fd98d6fc872478b03823ffdb448699c6ebdbbc71d59b596fd48c
      url: "https://pub.dev"
    source: hosted
    version: "6.1.2"
  screen_retriever:
    dependency: transitive
    description:
      name: screen_retriever
      sha256: "6ee02c8a1158e6dae7ca430da79436e3b1c9563c8cf02f524af997c201ac2b90"
      url: "https://pub.dev"
    source: hosted
    version: "0.1.9"
  shared_preferences:
    dependency: "direct main"
    description:
      name: shared_preferences
      sha256: d3bbe5553a986e83980916ded2f0b435ef2e1893dfaa29d5a7a790d0eca12180
      url: "https://pub.dev"
    source: hosted
    version: "2.2.3"
  shared_preferences_android:
    dependency: transitive
    description:
      name: shared_preferences_android
      sha256: "8568a389334b6e83415b6aae55378e158fbc2314e074983362d20c562780fb06"
      url: "https://pub.dev"
    source: hosted
    version: "2.2.1"
  shared_preferences_foundation:
    dependency: transitive
    description:
      name: shared_preferences_foundation
      sha256: "7708d83064f38060c7b39db12aefe449cb8cdc031d6062280087bc4cdb988f5c"
      url: "https://pub.dev"
    source: hosted
    version: "2.3.5"
  shared_preferences_linux:
    dependency: transitive
    description:
      name: shared_preferences_linux
      sha256: "9f2cbcf46d4270ea8be39fa156d86379077c8a5228d9dfdb1164ae0bb93f1faa"
      url: "https://pub.dev"
    source: hosted
    version: "2.3.2"
  shared_preferences_platform_interface:
    dependency: transitive
    description:
      name: shared_preferences_platform_interface
      sha256: "22e2ecac9419b4246d7c22bfbbda589e3acf5c0351137d87dd2939d984d37c3b"
      url: "https://pub.dev"
    source: hosted
    version: "2.3.2"
  shared_preferences_web:
    dependency: transitive
    description:
      name: shared_preferences_web
      sha256: "9aee1089b36bd2aafe06582b7d7817fd317ef05fc30e6ba14bff247d0933042a"
      url: "https://pub.dev"
    source: hosted
    version: "2.3.0"
  shared_preferences_windows:
    dependency: transitive
    description:
      name: shared_preferences_windows
      sha256: "841ad54f3c8381c480d0c9b508b89a34036f512482c407e6df7a9c4aa2ef8f59"
      url: "https://pub.dev"
    source: hosted
    version: "2.3.2"
  sky_engine:
    dependency: transitive
    description: flutter
    source: sdk
    version: "0.0.99"
  source_span:
    dependency: transitive
    description:
      name: source_span
      sha256: "53e943d4206a5e30df338fd4c6e7a077e02254531b138a15aec3bd143c1a8b3c"
      url: "https://pub.dev"
    source: hosted
    version: "1.10.0"
  stack_trace:
    dependency: transitive
    description:
      name: stack_trace
      sha256: "73713990125a6d93122541237550ee3352a2d84baad52d375a4cad2eb9b7ce0b"
      url: "https://pub.dev"
    source: hosted
    version: "1.11.1"
  stream_channel:
    dependency: transitive
    description:
      name: stream_channel
      sha256: ba2aa5d8cc609d96bbb2899c28934f9e1af5cddbd60a827822ea467161eb54e7
      url: "https://pub.dev"
    source: hosted
    version: "2.1.2"
  string_scanner:
    dependency: transitive
    description:
      name: string_scanner
      sha256: "556692adab6cfa87322a115640c11f13cb77b3f076ddcc5d6ae3c20242bedcde"
      url: "https://pub.dev"
    source: hosted
    version: "1.2.0"
  system_tray:
    dependency: "direct main"
    description:
      name: system_tray
      sha256: "40444e5de8ed907822a98694fd031b8accc3cb3c0baa547634ce76189cf3d9cf"
      url: "https://pub.dev"
    source: hosted
    version: "2.0.3"
  term_glyph:
    dependency: transitive
    description:
      name: term_glyph
      sha256: a29248a84fbb7c79282b40b8c72a1209db169a2e0542bce341da992fe1bc7e84
      url: "https://pub.dev"
    source: hosted
    version: "1.2.1"
  test_api:
    dependency: transitive
    description:
      name: test_api
      sha256: "5c2f730018264d276c20e4f1503fd1308dfbbae39ec8ee63c5236311ac06954b"
      url: "https://pub.dev"
    source: hosted
    version: "0.6.1"
  timezone:
    dependency: transitive
    description:
      name: timezone
      sha256: "1cfd8ddc2d1cfd836bc93e67b9be88c3adaeca6f40a00ca999104c30693cdca0"
      url: "https://pub.dev"
    source: hosted
    version: "0.9.2"
  typed_data:
    dependency: transitive
    description:
      name: typed_data
      sha256: facc8d6582f16042dd49f2463ff1bd6e2c9ef9f3d5da3d9b087e244a7b564b3c
      url: "https://pub.dev"
    source: hosted
    version: "1.3.2"
  uuid:
    dependency: "direct main"
    description:
      name: uuid
      sha256: "648e103079f7c64a36dc7d39369cabb358d377078a051d6ae2ad3aa539519313"
      url: "https://pub.dev"
    source: hosted
    version: "3.0.7"
  vector_math:
    dependency: transitive
    description:
      name: vector_math
      sha256: "80b3257d1492ce4d091729e3a67a60407d227c27241d6927be0130c98e741803"
      url: "https://pub.dev"
    source: hosted
    version: "2.1.4"
  vm_service:
    dependency: transitive
    description:
      name: vm_service
      sha256: b3d56ff4341b8f182b96aceb2fa20e3dcb336b9f867bc0eafc0de10f1048e957
      url: "https://pub.dev"
    source: hosted
    version: "13.0.0"
  web:
    dependency: transitive
    description:
      name: web
      sha256: "97da13628db363c635202ad97068d47c5b8aa555808e7a9411963c533b449b27"
      url: "https://pub.dev"
    source: hosted
    version: "0.5.1"
  win32:
    dependency: transitive
    description:
      name: win32
      sha256: "464f5674532865248444b4c3daca12bd9bf2d7c47f759ce2617986e7229494a8"
      url: "https://pub.dev"
    source: hosted
    version: "5.2.0"
  win32_registry:
    dependency: transitive
    description:
      name: win32_registry
      sha256: "41fd8a189940d8696b1b810efb9abcf60827b6cbfab90b0c43e8439e3a39d85a"
      url: "https://pub.dev"
    source: hosted
    version: "1.1.2"
  window_manager:
    dependency: "direct main"
    description:
      path: "."
      ref: main
      resolved-ref: ef786b1574455ca141cea899ca2db788731163d4
      url: "https://github.com/leanflutter/window_manager.git"
    source: git
    version: "0.3.8"
  xdg_directories:
    dependency: transitive
    description:
      name: xdg_directories
      sha256: faea9dee56b520b55a566385b84f2e8de55e7496104adada9962e0bd11bcff1d
      url: "https://pub.dev"
    source: hosted
    version: "1.0.4"
  xml:
    dependency: transitive
    description:
      name: xml
      sha256: b015a8ad1c488f66851d762d3090a21c600e479dc75e68328c52774040cf9226
      url: "https://pub.dev"
    source: hosted
    version: "6.5.0"
  yaml:
    dependency: transitive
    description:
      name: yaml
      sha256: "75769501ea3489fca56601ff33454fe45507ea3bfb014161abc3b43ae25989d5"
      url: "https://pub.dev"
    source: hosted
    version: "3.1.2"
sdks:
  dart: ">=3.3.0 <4.0.0"
  flutter: ">=3.19.0"
