PODS:
  - device_info_plus (0.0.1):
    - FlutterMacOS
  - flutter_local_notifications (0.0.1):
    - FlutterMacOS
  - FlutterMacOS (1.0.0)
  - macos_ui (0.1.0):
    - FlutterMacOS
  - nsd_macos (0.0.1):
    - FlutterMacOS
  - screen_retriever (0.0.1):
    - FlutterMacOS
  - shared_preferences_foundation (0.0.1):
    - Flutter
    - FlutterMacOS
  - system_tray (0.0.1):
    - FlutterMacOS
  - window_manager (0.2.0):
    - FlutterMacOS

DEPENDENCIES:
  - device_info_plus (from `Flutter/ephemeral/.symlinks/plugins/device_info_plus/macos`)
  - flutter_local_notifications (from `Flutter/ephemeral/.symlinks/plugins/flutter_local_notifications/macos`)
  - FlutterMacOS (from `Flutter/ephemeral`)
  - macos_ui (from `Flutter/ephemeral/.symlinks/plugins/macos_ui/macos`)
  - nsd_macos (from `Flutter/ephemeral/.symlinks/plugins/nsd_macos/macos`)
  - screen_retriever (from `Flutter/ephemeral/.symlinks/plugins/screen_retriever/macos`)
  - shared_preferences_foundation (from `Flutter/ephemeral/.symlinks/plugins/shared_preferences_foundation/macos`)
  - system_tray (from `Flutter/ephemeral/.symlinks/plugins/system_tray/macos`)
  - window_manager (from `Flutter/ephemeral/.symlinks/plugins/window_manager/macos`)

EXTERNAL SOURCES:
  device_info_plus:
    :path: Flutter/ephemeral/.symlinks/plugins/device_info_plus/macos
  flutter_local_notifications:
    :path: Flutter/ephemeral/.symlinks/plugins/flutter_local_notifications/macos
  FlutterMacOS:
    :path: Flutter/ephemeral
  macos_ui:
    :path: Flutter/ephemeral/.symlinks/plugins/macos_ui/macos
  nsd_macos:
    :path: Flutter/ephemeral/.symlinks/plugins/nsd_macos/macos
  screen_retriever:
    :path: Flutter/ephemeral/.symlinks/plugins/screen_retriever/macos
  shared_preferences_foundation:
    :path: Flutter/ephemeral/.symlinks/plugins/shared_preferences_foundation/macos
  system_tray:
    :path: Flutter/ephemeral/.symlinks/plugins/system_tray/macos
  window_manager:
    :path: Flutter/ephemeral/.symlinks/plugins/window_manager/macos

SPEC CHECKSUMS:
  device_info_plus: 5401765fde0b8d062a2f8eb65510fb17e77cf07f
  flutter_local_notifications: 3805ca215b2fb7f397d78b66db91f6a747af52e4
  FlutterMacOS: 8f6f14fa908a6fb3fba0cd85dbd81ec4b251fb24
  macos_ui: 6229a8922cd97bafb7d9636c8eb8dfb0744183ca
  nsd_macos: 1a38a38a33adbb396b4c6f303bc076073514cadc
  screen_retriever: 59634572a57080243dd1bf715e55b6c54f241a38
  shared_preferences_foundation: 986fc17f3d3251412d18b0265f9c64113a8c2472
  system_tray: e53c972838c69589ff2e77d6d3abfd71332f9e5d
  window_manager: 3a1844359a6295ab1e47659b1a777e36773cd6e8

PODFILE CHECKSUM: 353c8bcc5d5b0994e508d035b5431cfe18c1dea7

COCOAPODS: 1.12.0
